// !$*UTF8*$!
{
	archiveVersion = 1;
	classes = {
	};
	objectVersion = 55;
	objects = {

/* Begin PBXBuildFile section */
		C6F698E62ACE3AC9008E6664 /* AppDelegate.swift in Sources */ = {isa = PBXBuildFile; fileRef = C6F698E52ACE3AC9008E6664 /* AppDelegate.swift */; };
		C6F698E82ACE3AC9008E6664 /* SceneDelegate.swift in Sources */ = {isa = PBXBuildFile; fileRef = C6F698E72ACE3AC9008E6664 /* SceneDelegate.swift */; };
		C6F698EA2ACE3AC9008E6664 /* ViewController.swift in Sources */ = {isa = PBXBuildFile; fileRef = C6F698E92ACE3AC9008E6664 /* ViewController.swift */; };
		C6F698ED2ACE3AC9008E6664 /* Main.storyboard in Resources */ = {isa = PBXBuildFile; fileRef = C6F698EB2ACE3AC9008E6664 /* Main.storyboard */; };
		C6F698EF2ACE3ACA008E6664 /* Assets.xcassets in Resources */ = {isa = PBXBuildFile; fileRef = C6F698EE2ACE3ACA008E6664 /* Assets.xcassets */; };
		C6F698F22ACE3ACA008E6664 /* LaunchScreen.storyboard in Resources */ = {isa = PBXBuildFile; fileRef = C6F698F02ACE3ACA008E6664 /* LaunchScreen.storyboard */; };
		C6F699002ACE3C1E008E6664 /* macaco.mp3 in Resources */ = {isa = PBXBuildFile; fileRef = C6F698FA2ACE3C1E008E6664 /* macaco.mp3 */; };
		C6F699012ACE3C1E008E6664 /* ovelha.mp3 in Resources */ = {isa = PBXBuildFile; fileRef = C6F698FB2ACE3C1E008E6664 /* ovelha.mp3 */; };
		C6F699022ACE3C1E008E6664 /* vaca.mp3 in Resources */ = {isa = PBXBuildFile; fileRef = C6F698FC2ACE3C1E008E6664 /* vaca.mp3 */; };
		C6F699032ACE3C1E008E6664 /* leao.mp3 in Resources */ = {isa = PBXBuildFile; fileRef = C6F698FD2ACE3C1E008E6664 /* leao.mp3 */; };
		C6F699042ACE3C1E008E6664 /* cao.mp3 in Resources */ = {isa = PBXBuildFile; fileRef = C6F698FE2ACE3C1E008E6664 /* cao.mp3 */; };
		C6F699052ACE3C1E008E6664 /* gato.mp3 in Resources */ = {isa = PBXBuildFile; fileRef = C6F698FF2ACE3C1E008E6664 /* gato.mp3 */; };
/* End PBXBuildFile section */

/* Begin PBXFileReference section */
		C6F698E22ACE3AC9008E6664 /* Sons dos Bichos.app */ = {isa = PBXFileReference; explicitFileType = wrapper.application; includeInIndex = 0; path = "Sons dos Bichos.app"; sourceTree = BUILT_PRODUCTS_DIR; };
		C6F698E52ACE3AC9008E6664 /* AppDelegate.swift */ = {isa = PBXFileReference; lastKnownFileType = sourcecode.swift; path = AppDelegate.swift; sourceTree = "<group>"; };
		C6F698E72ACE3AC9008E6664 /* SceneDelegate.swift */ = {isa = PBXFileReference; lastKnownFileType = sourcecode.swift; path = SceneDelegate.swift; sourceTree = "<group>"; };
		C6F698E92ACE3AC9008E6664 /* ViewController.swift */ = {isa = PBXFileReference; lastKnownFileType = sourcecode.swift; path = ViewController.swift; sourceTree = "<group>"; };
		C6F698EC2ACE3AC9008E6664 /* Base */ = {isa = PBXFileReference; lastKnownFileType = file.storyboard; name = Base; path = Base.lproj/Main.storyboard; sourceTree = "<group>"; };
		C6F698EE2ACE3ACA008E6664 /* Assets.xcassets */ = {isa = PBXFileReference; lastKnownFileType = folder.assetcatalog; path = Assets.xcassets; sourceTree = "<group>"; };
		C6F698F12ACE3ACA008E6664 /* Base */ = {isa = PBXFileReference; lastKnownFileType = file.storyboard; name = Base; path = Base.lproj/LaunchScreen.storyboard; sourceTree = "<group>"; };
		C6F698F32ACE3ACA008E6664 /* Info.plist */ = {isa = PBXFileReference; lastKnownFileType = text.plist.xml; path = Info.plist; sourceTree = "<group>"; };
		C6F698FA2ACE3C1E008E6664 /* macaco.mp3 */ = {isa = PBXFileReference; lastKnownFileType = audio.mp3; path = macaco.mp3; sourceTree = "<group>"; };
		C6F698FB2ACE3C1E008E6664 /* ovelha.mp3 */ = {isa = PBXFileReference; lastKnownFileType = audio.mp3; path = ovelha.mp3; sourceTree = "<group>"; };
		C6F698FC2ACE3C1E008E6664 /* vaca.mp3 */ = {isa = PBXFileReference; lastKnownFileType = audio.mp3; path = vaca.mp3; sourceTree = "<group>"; };
		C6F698FD2ACE3C1E008E6664 /* leao.mp3 */ = {isa = PBXFileReference; lastKnownFileType = audio.mp3; path = leao.mp3; sourceTree = "<group>"; };
		C6F698FE2ACE3C1E008E6664 /* cao.mp3 */ = {isa = PBXFileReference; lastKnownFileType = audio.mp3; path = cao.mp3; sourceTree = "<group>"; };
		C6F698FF2ACE3C1E008E6664 /* gato.mp3 */ = {isa = PBXFileReference; lastKnownFileType = audio.mp3; path = gato.mp3; sourceTree = "<group>"; };
/* End PBXFileReference section */

/* Begin PBXFrameworksBuildPhase section */
		C6F698DF2ACE3AC9008E6664 /* Frameworks */ = {
			isa = PBXFrameworksBuildPhase;
			buildActionMask = 2147483647;
			files = (
			);
			runOnlyForDeploymentPostprocessing = 0;
		};
/* End PBXFrameworksBuildPhase section */

/* Begin PBXGroup section */
		C6F698D92ACE3AC8008E6664 = {
			isa = PBXGroup;
			children = (
				C6F698E42ACE3AC9008E6664 /* Sons dos Bichos */,
				C6F698E32ACE3AC9008E6664 /* Products */,
			);
			sourceTree = "<group>";
		};
		C6F698E32ACE3AC9008E6664 /* Products */ = {
			isa = PBXGroup;
			children = (
				C6F698E22ACE3AC9008E6664 /* Sons dos Bichos.app */,
			);
			name = Products;
			sourceTree = "<group>";
		};
		C6F698E42ACE3AC9008E6664 /* Sons dos Bichos */ = {
			isa = PBXGroup;
			children = (
				C6F698F92ACE3BC9008E6664 /* sons */,
				C6F698E52ACE3AC9008E6664 /* AppDelegate.swift */,
				C6F698E72ACE3AC9008E6664 /* SceneDelegate.swift */,
				C6F698E92ACE3AC9008E6664 /* ViewController.swift */,
				C6F698EB2ACE3AC9008E6664 /* Main.storyboard */,
				C6F698EE2ACE3ACA008E6664 /* Assets.xcassets */,
				C6F698F02ACE3ACA008E6664 /* LaunchScreen.storyboard */,
				C6F698F32ACE3ACA008E6664 /* Info.plist */,
			);
			path = "Sons dos Bichos";
			sourceTree = "<group>";
		};
		C6F698F92ACE3BC9008E6664 /* sons */ = {
			isa = PBXGroup;
			children = (
				C6F698FE2ACE3C1E008E6664 /* cao.mp3 */,
				C6F698FF2ACE3C1E008E6664 /* gato.mp3 */,
				C6F698FD2ACE3C1E008E6664 /* leao.mp3 */,
				C6F698FA2ACE3C1E008E6664 /* macaco.mp3 */,
				C6F698FB2ACE3C1E008E6664 /* ovelha.mp3 */,
				C6F698FC2ACE3C1E008E6664 /* vaca.mp3 */,
			);
			path = sons;
			sourceTree = "<group>";
		};
/* End PBXGroup section */

/* Begin PBXNativeTarget section */
		C6F698E12ACE3AC9008E6664 /* Sons dos Bichos */ = {
			isa = PBXNativeTarget;
			buildConfigurationList = C6F698F62ACE3ACA008E6664 /* Build configuration list for PBXNativeTarget "Sons dos Bichos" */;
			buildPhases = (
				C6F698DE2ACE3AC9008E6664 /* Sources */,
				C6F698DF2ACE3AC9008E6664 /* Frameworks */,
				C6F698E02ACE3AC9008E6664 /* Resources */,
			);
			buildRules = (
			);
			dependencies = (
			);
			name = "Sons dos Bichos";
			productName = "Sons dos Bichos";
			productReference = C6F698E22ACE3AC9008E6664 /* Sons dos Bichos.app */;
			productType = "com.apple.product-type.application";
		};
/* End PBXNativeTarget section */

/* Begin PBXProject section */
		C6F698DA2ACE3AC8008E6664 /* Project object */ = {
			isa = PBXProject;
			attributes = {
				BuildIndependentTargetsInParallel = 1;
				LastSwiftUpdateCheck = 1320;
				LastUpgradeCheck = 1320;
				TargetAttributes = {
					C6F698E12ACE3AC9008E6664 = {
						CreatedOnToolsVersion = 13.2.1;
					};
				};
			};
			buildConfigurationList = C6F698DD2ACE3AC8008E6664 /* Build configuration list for PBXProject "Sons dos Bichos" */;
			compatibilityVersion = "Xcode 13.0";
			developmentRegion = en;
			hasScannedForEncodings = 0;
			knownRegions = (
				en,
				Base,
			);
			mainGroup = C6F698D92ACE3AC8008E6664;
			productRefGroup = C6F698E32ACE3AC9008E6664 /* Products */;
			projectDirPath = "";
			projectRoot = "";
			targets = (
				C6F698E12ACE3AC9008E6664 /* Sons dos Bichos */,
			);
		};
/* End PBXProject section */

/* Begin PBXResourcesBuildPhase section */
		C6F698E02ACE3AC9008E6664 /* Resources */ = {
			isa = PBXResourcesBuildPhase;
			buildActionMask = 2147483647;
			files = (
				C6F699042ACE3C1E008E6664 /* cao.mp3 in Resources */,
				C6F699032ACE3C1E008E6664 /* leao.mp3 in Resources */,
				C6F699052ACE3C1E008E6664 /* gato.mp3 in Resources */,
				C6F699002ACE3C1E008E6664 /* macaco.mp3 in Resources */,
				C6F698F22ACE3ACA008E6664 /* LaunchScreen.storyboard in Resources */,
				C6F699012ACE3C1E008E6664 /* ovelha.mp3 in Resources */,
				C6F698EF2ACE3ACA008E6664 /* Assets.xcassets in Resources */,
				C6F698ED2ACE3AC9008E6664 /* Main.storyboard in Resources */,
				C6F699022ACE3C1E008E6664 /* vaca.mp3 in Resources */,
			);
			runOnlyForDeploymentPostprocessing = 0;
		};
/* End PBXResourcesBuildPhase section */

/* Begin PBXSourcesBuildPhase section */
		C6F698DE2ACE3AC9008E6664 /* Sources */ = {
			isa = PBXSourcesBuildPhase;
			buildActionMask = 2147483647;
			files = (
				C6F698EA2ACE3AC9008E6664 /* ViewController.swift in Sources */,
				C6F698E62ACE3AC9008E6664 /* AppDelegate.swift in Sources */,
				C6F698E82ACE3AC9008E6664 /* SceneDelegate.swift in Sources */,
			);
			runOnlyForDeploymentPostprocessing = 0;
		};
/* End PBXSourcesBuildPhase section */

/* Begin PBXVariantGroup section */
		C6F698EB2ACE3AC9008E6664 /* Main.storyboard */ = {
			isa = PBXVariantGroup;
			children = (
				C6F698EC2ACE3AC9008E6664 /* Base */,
			);
			name = Main.storyboard;
			sourceTree = "<group>";
		};
		C6F698F02ACE3ACA008E6664 /* LaunchScreen.storyboard */ = {
			isa = PBXVariantGroup;
			children = (
				C6F698F12ACE3ACA008E6664 /* Base */,
			);
			name = LaunchScreen.storyboard;
			sourceTree = "<group>";
		};
/* End PBXVariantGroup section */

/* Begin XCBuildConfiguration section */
		C6F698F42ACE3ACA008E6664 /* Debug */ = {
			isa = XCBuildConfiguration;
			buildSettings = {
				ALWAYS_SEARCH_USER_PATHS = NO;
				CLANG_ANALYZER_NONNULL = YES;
				CLANG_ANALYZER_NUMBER_OBJECT_CONVERSION = YES_AGGRESSIVE;
				CLANG_CXX_LANGUAGE_STANDARD = "gnu++17";
				CLANG_CXX_LIBRARY = "libc++";
				CLANG_ENABLE_MODULES = YES;
				CLANG_ENABLE_OBJC_ARC = YES;
				CLANG_ENABLE_OBJC_WEAK = YES;
				CLANG_WARN_BLOCK_CAPTURE_AUTORELEASING = YES;
				CLANG_WARN_BOOL_CONVERSION = YES;
				CLANG_WARN_COMMA = YES;
				CLANG_WARN_CONSTANT_CONVERSION = YES;
				CLANG_WARN_DEPRECATED_OBJC_IMPLEMENTATIONS = YES;
				CLANG_WARN_DIRECT_OBJC_ISA_USAGE = YES_ERROR;
				CLANG_WARN_DOCUMENTATION_COMMENTS = YES;
				CLANG_WARN_EMPTY_BODY = YES;
				CLANG_WARN_ENUM_CONVERSION = YES;
				CLANG_WARN_INFINITE_RECURSION = YES;
				CLANG_WARN_INT_CONVERSION = YES;
				CLANG_WARN_NON_LITERAL_NULL_CONVERSION = YES;
				CLANG_WARN_OBJC_IMPLICIT_RETAIN_SELF = YES;
				CLANG_WARN_OBJC_LITERAL_CONVERSION = YES;
				CLANG_WARN_OBJC_ROOT_CLASS = YES_ERROR;
				CLANG_WARN_QUOTED_INCLUDE_IN_FRAMEWORK_HEADER = YES;
				CLANG_WARN_RANGE_LOOP_ANALYSIS = YES;
				CLANG_WARN_STRICT_PROTOTYPES = YES;
				CLANG_WARN_SUSPICIOUS_MOVE = YES;
				CLANG_WARN_UNGUARDED_AVAILABILITY = YES_AGGRESSIVE;
				CLANG_WARN_UNREACHABLE_CODE = YES;
				CLANG_WARN__DUPLICATE_METHOD_MATCH = YES;
				COPY_PHASE_STRIP = NO;
				DEBUG_INFORMATION_FORMAT = dwarf;
				ENABLE_STRICT_OBJC_MSGSEND = YES;
				ENABLE_TESTABILITY = YES;
				GCC_C_LANGUAGE_STANDARD = gnu11;
				GCC_DYNAMIC_NO_PIC = NO;
				GCC_NO_COMMON_BLOCKS = YES;
				GCC_OPTIMIZATION_LEVEL = 0;
				GCC_PREPROCESSOR_DEFINITIONS = (
					"DEBUG=1",
					"$(inherited)",
				);
				GCC_WARN_64_TO_32_BIT_CONVERSION = YES;
				GCC_WARN_ABOUT_RETURN_TYPE = YES_ERROR;
				GCC_WARN_UNDECLARED_SELECTOR = YES;
				GCC_WARN_UNINITIALIZED_AUTOS = YES_AGGRESSIVE;
				GCC_WARN_UNUSED_FUNCTION = YES;
				GCC_WARN_UNUSED_VARIABLE = YES;
				IPHONEOS_DEPLOYMENT_TARGET = 15.2;
				MTL_ENABLE_DEBUG_INFO = INCLUDE_SOURCE;
				MTL_FAST_MATH = YES;
				ONLY_ACTIVE_ARCH = YES;
				SDKROOT = iphoneos;
				SWIFT_ACTIVE_COMPILATION_CONDITIONS = DEBUG;
				SWIFT_OPTIMIZATION_LEVEL = "-Onone";
			};
			name = Debug;
		};
		C6F698F52ACE3ACA008E6664 /* Release */ = {
			isa = XCBuildConfiguration;
			buildSettings = {
				ALWAYS_SEARCH_USER_PATHS = NO;
				CLANG_ANALYZER_NONNULL = YES;
				CLANG_ANALYZER_NUMBER_OBJECT_CONVERSION = YES_AGGRESSIVE;
				CLANG_CXX_LANGUAGE_STANDARD = "gnu++17";
				CLANG_CXX_LIBRARY = "libc++";
				CLANG_ENABLE_MODULES = YES;
				CLANG_ENABLE_OBJC_ARC = YES;
				CLANG_ENABLE_OBJC_WEAK = YES;
				CLANG_WARN_BLOCK_CAPTURE_AUTORELEASING = YES;
				CLANG_WARN_BOOL_CONVERSION = YES;
				CLANG_WARN_COMMA = YES;
				CLANG_WARN_CONSTANT_CONVERSION = YES;
				CLANG_WARN_DEPRECATED_OBJC_IMPLEMENTATIONS = YES;
				CLANG_WARN_DIRECT_OBJC_ISA_USAGE = YES_ERROR;
				CLANG_WARN_DOCUMENTATION_COMMENTS = YES;
				CLANG_WARN_EMPTY_BODY = YES;
				CLANG_WARN_ENUM_CONVERSION = YES;
				CLANG_WARN_INFINITE_RECURSION = YES;
				CLANG_WARN_INT_CONVERSION = YES;
				CLANG_WARN_NON_LITERAL_NULL_CONVERSION = YES;
				CLANG_WARN_OBJC_IMPLICIT_RETAIN_SELF = YES;
				CLANG_WARN_OBJC_LITERAL_CONVERSION = YES;
				CLANG_WARN_OBJC_ROOT_CLASS = YES_ERROR;
				CLANG_WARN_QUOTED_INCLUDE_IN_FRAMEWORK_HEADER = YES;
				CLANG_WARN_RANGE_LOOP_ANALYSIS = YES;
				CLANG_WARN_STRICT_PROTOTYPES = YES;
				CLANG_WARN_SUSPICIOUS_MOVE = YES;
				CLANG_WARN_UNGUARDED_AVAILABILITY = YES_AGGRESSIVE;
				CLANG_WARN_UNREACHABLE_CODE = YES;
				CLANG_WARN__DUPLICATE_METHOD_MATCH = YES;
				COPY_PHASE_STRIP = NO;
				DEBUG_INFORMATION_FORMAT = "dwarf-with-dsym";
				ENABLE_NS_ASSERTIONS = NO;
				ENABLE_STRICT_OBJC_MSGSEND = YES;
				GCC_C_LANGUAGE_STANDARD = gnu11;
				GCC_NO_COMMON_BLOCKS = YES;
				GCC_WARN_64_TO_32_BIT_CONVERSION = YES;
				GCC_WARN_ABOUT_RETURN_TYPE = YES_ERROR;
				GCC_WARN_UNDECLARED_SELECTOR = YES;
				GCC_WARN_UNINITIALIZED_AUTOS = YES_AGGRESSIVE;
				GCC_WARN_UNUSED_FUNCTION = YES;
				GCC_WARN_UNUSED_VARIABLE = YES;
				IPHONEOS_DEPLOYMENT_TARGET = 15.2;
				MTL_ENABLE_DEBUG_INFO = NO;
				MTL_FAST_MATH = YES;
				SDKROOT = iphoneos;
				SWIFT_COMPILATION_MODE = wholemodule;
				SWIFT_OPTIMIZATION_LEVEL = "-O";
				VALIDATE_PRODUCT = YES;
			};
			name = Release;
		};
		C6F698F72ACE3ACA008E6664 /* Debug */ = {
			isa = XCBuildConfiguration;
			buildSettings = {
				ASSETCATALOG_COMPILER_APPICON_NAME = AppIcon;
				ASSETCATALOG_COMPILER_GLOBAL_ACCENT_COLOR_NAME = AccentColor;
				CODE_SIGN_STYLE = Automatic;
				CURRENT_PROJECT_VERSION = 1;
				GENERATE_INFOPLIST_FILE = YES;
				INFOPLIST_FILE = "Sons dos Bichos/Info.plist";
				INFOPLIST_KEY_UIApplicationSupportsIndirectInputEvents = YES;
				INFOPLIST_KEY_UILaunchStoryboardName = LaunchScreen;
				INFOPLIST_KEY_UIMainStoryboardFile = Main;
				INFOPLIST_KEY_UISupportedInterfaceOrientations_iPad = "UIInterfaceOrientationPortrait UIInterfaceOrientationPortraitUpsideDown UIInterfaceOrientationLandscapeLeft UIInterfaceOrientationLandscapeRight";
				INFOPLIST_KEY_UISupportedInterfaceOrientations_iPhone = "UIInterfaceOrientationPortrait UIInterfaceOrientationLandscapeLeft UIInterfaceOrientationLandscapeRight";
				LD_RUNPATH_SEARCH_PATHS = (
					"$(inherited)",
					"@executable_path/Frameworks",
				);
				MARKETING_VERSION = 1.0;
				PRODUCT_BUNDLE_IDENTIFIER = "com.cursoios11.Sons-dos-Bichos";
				PRODUCT_NAME = "$(TARGET_NAME)";
				SWIFT_EMIT_LOC_STRINGS = YES;
				SWIFT_VERSION = 5.0;
				TARGETED_DEVICE_FAMILY = "1,2";
			};
			name = Debug;
		};
		C6F698F82ACE3ACA008E6664 /* Release */ = {
			isa = XCBuildConfiguration;
			buildSettings = {
				ASSETCATALOG_COMPILER_APPICON_NAME = AppIcon;
				ASSETCATALOG_COMPILER_GLOBAL_ACCENT_COLOR_NAME = AccentColor;
				CODE_SIGN_STYLE = Automatic;
				CURRENT_PROJECT_VERSION = 1;
				GENERATE_INFOPLIST_FILE = YES;
				INFOPLIST_FILE = "Sons dos Bichos/Info.plist";
				INFOPLIST_KEY_UIApplicationSupportsIndirectInputEvents = YES;
				INFOPLIST_KEY_UILaunchStoryboardName = LaunchScreen;
				INFOPLIST_KEY_UIMainStoryboardFile = Main;
				INFOPLIST_KEY_UISupportedInterfaceOrientations_iPad = "UIInterfaceOrientationPortrait UIInterfaceOrientationPortraitUpsideDown UIInterfaceOrientationLandscapeLeft UIInterfaceOrientationLandscapeRight";
				INFOPLIST_KEY_UISupportedInterfaceOrientations_iPhone = "UIInterfaceOrientationPortrait UIInterfaceOrientationLandscapeLeft UIInterfaceOrientationLandscapeRight";
				LD_RUNPATH_SEARCH_PATHS = (
					"$(inherited)",
					"@executable_path/Frameworks",
				);
				MARKETING_VERSION = 1.0;
				PRODUCT_BUNDLE_IDENTIFIER = "com.cursoios11.Sons-dos-Bichos";
				PRODUCT_NAME = "$(TARGET_NAME)";
				SWIFT_EMIT_LOC_STRINGS = YES;
				SWIFT_VERSION = 5.0;
				TARGETED_DEVICE_FAMILY = "1,2";
			};
			name = Release;
		};
/* End XCBuildConfiguration section */

/* Begin XCConfigurationList section */
		C6F698DD2ACE3AC8008E6664 /* Build configuration list for PBXProject "Sons dos Bichos" */ = {
			isa = XCConfigurationList;
			buildConfigurations = (
				C6F698F42ACE3ACA008E6664 /* Debug */,
				C6F698F52ACE3ACA008E6664 /* Release */,
			);
			defaultConfigurationIsVisible = 0;
			defaultConfigurationName = Release;
		};
		C6F698F62ACE3ACA008E6664 /* Build configuration list for PBXNativeTarget "Sons dos Bichos" */ = {
			isa = XCConfigurationList;
			buildConfigurations = (
				C6F698F72ACE3ACA008E6664 /* Debug */,
				C6F698F82ACE3ACA008E6664 /* Release */,
			);
			defaultConfigurationIsVisible = 0;
			defaultConfigurationName = Release;
		};
/* End XCConfigurationList section */
	};
	rootObject = C6F698DA2ACE3AC8008E6664 /* Project object */;
}
